
Microsoft Visual Studio Solution File, Format Version 12.00
# Visual Studio Version 17
VisualStudioVersion = 17.4.33205.214
MinimumVisualStudioVersion = 10.0.40219.1
Project("{FAE04EC0-301F-11D3-BF4B-00C04F79EFBC}") = "BankServer", "BankServer\BankServer.csproj", "{EE1A2D13-B24E-4B95-912F-22986FC8EBE0}"
EndProject
Global
	GlobalSection(SolutionConfigurationPlatforms) = preSolution
		Debug|Any CPU = Debug|Any CPU
		Release|Any CPU = Release|Any CPU
	EndGlobalSection
	GlobalSection(ProjectConfigurationPlatforms) = postSolution
		{EE1A2D13-B24E-4B95-912F-22986FC8EBE0}.Debug|Any CPU.ActiveCfg = Debug|Any CPU
		{EE1A2D13-B24E-4B95-912F-22986FC8EBE0}.Debug|Any CPU.Build.0 = Debug|Any CPU
		{EE1A2D13-B24E-4B95-912F-22986FC8EBE0}.Release|Any CPU.ActiveCfg = Release|Any CPU
		{EE1A2D13-B24E-4B95-912F-22986FC8EBE0}.Release|Any CPU.Build.0 = Release|Any CPU
	EndGlobalSection
	GlobalSection(SolutionProperties) = preSolution
		HideSolutionNode = FALSE
	EndGlobalSection
	GlobalSection(ExtensibilityGlobals) = postSolution
		SolutionGuid = {A9E2603F-D370-4110-9219-0E834966BD21}
	EndGlobalSection
EndGlobal
